Microsoft Visual Studio Solution File, Format Version 12.00
# Visual Studio Version 17
VisualStudioVersion = 17.5.2.0
MinimumVisualStudioVersion = 10.0.40219.1
Project("{FAE04EC0-301F-11D3-BF4B-00C04F79EFBC}") = "InventoryMaster", "InventoryMaster.csproj", "{4E0CF508-CBA7-84A2-754D-78FF5926466C}"
EndProject
Global
	GlobalSection(SolutionConfigurationPlatforms) = preSolution
		Debug|Any CPU = Debug|Any CPU
		Release|Any CPU = Release|Any CPU
	EndGlobalSection
	GlobalSection(ProjectConfigurationPlatforms) = postSolution
		{4E0CF508-CBA7-84A2-754D-78FF5926466C}.Debug|Any CPU.ActiveCfg = Debug|Any CPU
		{4E0CF508-CBA7-84A2-754D-78FF5926466C}.Debug|Any CPU.Build.0 = Debug|Any CPU
		{4E0CF508-CBA7-84A2-754D-78FF5926466C}.Release|Any CPU.ActiveCfg = Release|Any CPU
		{4E0CF508-CBA7-84A2-754D-78FF5926466C}.Release|Any CPU.Build.0 = Release|Any CPU
	EndGlobalSection
	GlobalSection(SolutionProperties) = preSolution
		HideSolutionNode = FALSE
	EndGlobalSection
	GlobalSection(ExtensibilityGlobals) = postSolution
		SolutionGuid = {9D2578AA-8556-4F52-A669-92058C529B92}
	EndGlobalSection
EndGlobal
